{
    "_readme": [
        "This file locks the dependencies of your project to a known state",
        "Read more about it at https://getcomposer.org/doc/01-basic-usage.md#installing-dependencies",
        "This file is @generated automatically"
    ],
    "content-hash": "45d4e477c303fa49d8e42c852a93bd93",
    "packages": [
        {
            "name": "apex-php/core",
            "version": "v0.1.6",
            "source": {
                "type": "git",
                "url": "https://github.com/vardanm1993/APEX-Core.git",
                "reference": "ab759dc7aa9a9528a894c73ec2e25ac520474f3f"
            },
            "dist": {
                "type": "zip",
                "url": "https://api.github.com/repos/vardanm1993/APEX-Core/zipball/ab759dc7aa9a9528a894c73ec2e25ac520474f3f",
                "reference": "ab759dc7aa9a9528a894c73ec2e25ac520474f3f",
                "shasum": ""
            },
            "require": {
                "php": "^8.3"
            },
            "type": "library",
            "autoload": {
                "psr-4": {
                    "Apex\\Core\\": "src/"
                }
            },
            "notification-url": "https://packagist.org/downloads/",
            "license": [
                "MIT"
            ],
            "authors": [
                {
                    "name": "Vardan M.",
                    "email": "vardanm1993@gmail.com",
                    "homepage": "https://github.com/vardanm1993",
                    "role": "Developer"
                }
            ],
            "description": "Core package of the Genesis PHP framework — a modern, lightweight foundation for building scalable applications.",
            "support": {
                "issues": "https://github.com/vardanm1993/APEX-Core/issues",
                "source": "https://github.com/vardanm1993/APEX-Core/tree/v0.1.6"
            },
            "time": "2025-07-03T12:43:10+00:00"
        }
    ],
    "packages-dev": [],
    "aliases": [],
    "minimum-stability": "stable",
    "stability-flags": {},
    "prefer-stable": true,
    "prefer-lowest": false,
    "platform": {
        "php": "^8.3"
    },
    "platform-dev": {},
    "plugin-api-version": "2.6.0"
}
